
Microsoft Visual Studio Solution File, Format Version 12.00
# Visual Studio 15
VisualStudioVersion = 15.0.27004.2005
MinimumVisualStudioVersion = 10.0.40219.1
Project("{FAE04EC0-301F-11D3-BF4B-00C04F79EFBC}") = "DelegatesExample", "DelegatesExample\DelegatesExample.csproj", "{21884FB3-88C8-4445-BB98-44B0F3D5220C}"
EndProject
Global
	GlobalSection(SolutionConfigurationPlatforms) = preSolution
		Debug|Any CPU = Debug|Any CPU
		Release|Any CPU = Release|Any CPU
	EndGlobalSection
	GlobalSection(ProjectConfigurationPlatforms) = postSolution
		{21884FB3-88C8-4445-BB98-44B0F3D5220C}.Debug|Any CPU.ActiveCfg = Debug|Any CPU
		{21884FB3-88C8-4445-BB98-44B0F3D5220C}.Debug|Any CPU.Build.0 = Debug|Any CPU
		{21884FB3-88C8-4445-BB98-44B0F3D5220C}.Release|Any CPU.ActiveCfg = Release|Any CPU
		{21884FB3-88C8-4445-BB98-44B0F3D5220C}.Release|Any CPU.Build.0 = Release|Any CPU
	EndGlobalSection
	GlobalSection(SolutionProperties) = preSolution
		HideSolutionNode = FALSE
	EndGlobalSection
	GlobalSection(ExtensibilityGlobals) = postSolution
		SolutionGuid = {CC3F1677-3A70-4D94-BBE0-3C9F70E79C8A}
	EndGlobalSection
EndGlobal
